
Microsoft Visual Studio Solution File, Format Version 12.00
# Visual Studio Version 17
VisualStudioVersion = 17.2.32427.441
MinimumVisualStudioVersion = 10.0.40219.1
Project("{9A19103F-16F7-4668-BE54-9A1E7A4F7556}") = "ServerSide", "RAGE\server-files\dotnet\resources\ServerSide\ServerSide.csproj", "{4BCD5E61-EF84-49AA-908F-A325112251FA}"
EndProject
Project("{FAE04EC0-301F-11D3-BF4B-00C04F79EFBC}") = "ClientSide", "RAGE\server-files\client_packages\cs_packages\ClientSide\ClientSide.csproj", "{C14A26AE-E313-48AA-9A6D-ABEC0F61FF8D}"
EndProject
Global
	GlobalSection(SolutionConfigurationPlatforms) = preSolution
		Debug|Any CPU = Debug|Any CPU
		Debug|x64 = Debug|x64
		Release|Any CPU = Release|Any CPU
		Release|x64 = Release|x64
	EndGlobalSection
	GlobalSection(ProjectConfigurationPlatforms) = postSolution
		{4BCD5E61-EF84-49AA-908F-A325112251FA}.Debug|Any CPU.ActiveCfg = Debug|Any CPU
		{4BCD5E61-EF84-49AA-908F-A325112251FA}.Debug|Any CPU.Build.0 = Debug|Any CPU
		{4BCD5E61-EF84-49AA-908F-A325112251FA}.Debug|x64.ActiveCfg = Debug|x64
		{4BCD5E61-EF84-49AA-908F-A325112251FA}.Debug|x64.Build.0 = Debug|x64
		{4BCD5E61-EF84-49AA-908F-A325112251FA}.Release|Any CPU.ActiveCfg = Release|Any CPU
		{4BCD5E61-EF84-49AA-908F-A325112251FA}.Release|Any CPU.Build.0 = Release|Any CPU
		{4BCD5E61-EF84-49AA-908F-A325112251FA}.Release|x64.ActiveCfg = Release|x64
		{4BCD5E61-EF84-49AA-908F-A325112251FA}.Release|x64.Build.0 = Release|x64
		{C14A26AE-E313-48AA-9A6D-ABEC0F61FF8D}.Debug|Any CPU.ActiveCfg = Debug|Any CPU
		{C14A26AE-E313-48AA-9A6D-ABEC0F61FF8D}.Debug|Any CPU.Build.0 = Debug|Any CPU
		{C14A26AE-E313-48AA-9A6D-ABEC0F61FF8D}.Debug|x64.ActiveCfg = Debug|x64
		{C14A26AE-E313-48AA-9A6D-ABEC0F61FF8D}.Debug|x64.Build.0 = Debug|x64
		{C14A26AE-E313-48AA-9A6D-ABEC0F61FF8D}.Release|Any CPU.ActiveCfg = Release|Any CPU
		{C14A26AE-E313-48AA-9A6D-ABEC0F61FF8D}.Release|Any CPU.Build.0 = Release|Any CPU
		{C14A26AE-E313-48AA-9A6D-ABEC0F61FF8D}.Release|x64.ActiveCfg = Release|x64
		{C14A26AE-E313-48AA-9A6D-ABEC0F61FF8D}.Release|x64.Build.0 = Release|x64
	EndGlobalSection
	GlobalSection(SolutionProperties) = preSolution
		HideSolutionNode = FALSE
	EndGlobalSection
	GlobalSection(ExtensibilityGlobals) = postSolution
		SolutionGuid = {A32E1D3B-9BF8-4DDD-B263-33DD88E12327}
	EndGlobalSection
EndGlobal
